
Microsoft Visual Studio Solution File, Format Version 12.00
# Visual Studio Version 17
VisualStudioVersion = 17.6.33829.357
MinimumVisualStudioVersion = 10.0.40219.1
Project("{9A19103F-16F7-4668-BE54-9A1E7A4F7556}") = "KubeStore.Contracts", "KubeStore.Contracts\KubeStore.Contracts.csproj", "{700A674C-DF2D-4B4C-8C06-2FECA23D174D}"
EndProject
Project("{9A19103F-16F7-4668-BE54-9A1E7A4F7556}") = "KubeStore.Admin", "KubeStore.Admin\KubeStore.Admin.csproj", "{847EEA38-A3AB-41AC-9271-18EB047D1EAD}"
EndProject
Project("{FAE04EC0-301F-11D3-BF4B-00C04F79EFBC}") = "KubeStore.API", "KubeStore.API\KubeStore.API.csproj", "{B91ACBF1-F96D-4A16-A17F-6380ED2357EB}"
EndProject
Global
	GlobalSection(SolutionConfigurationPlatforms) = preSolution
		Debug|Any CPU = Debug|Any CPU
		Release|Any CPU = Release|Any CPU
	EndGlobalSection
	GlobalSection(ProjectConfigurationPlatforms) = postSolution
		{700A674C-DF2D-4B4C-8C06-2FECA23D174D}.Debug|Any CPU.ActiveCfg = Debug|Any CPU
		{700A674C-DF2D-4B4C-8C06-2FECA23D174D}.Debug|Any CPU.Build.0 = Debug|Any CPU
		{700A674C-DF2D-4B4C-8C06-2FECA23D174D}.Release|Any CPU.ActiveCfg = Release|Any CPU
		{700A674C-DF2D-4B4C-8C06-2FECA23D174D}.Release|Any CPU.Build.0 = Release|Any CPU
		{847EEA38-A3AB-41AC-9271-18EB047D1EAD}.Debug|Any CPU.ActiveCfg = Debug|Any CPU
		{847EEA38-A3AB-41AC-9271-18EB047D1EAD}.Debug|Any CPU.Build.0 = Debug|Any CPU
		{847EEA38-A3AB-41AC-9271-18EB047D1EAD}.Release|Any CPU.ActiveCfg = Release|Any CPU
		{847EEA38-A3AB-41AC-9271-18EB047D1EAD}.Release|Any CPU.Build.0 = Release|Any CPU
		{B91ACBF1-F96D-4A16-A17F-6380ED2357EB}.Debug|Any CPU.ActiveCfg = Debug|Any CPU
		{B91ACBF1-F96D-4A16-A17F-6380ED2357EB}.Debug|Any CPU.Build.0 = Debug|Any CPU
		{B91ACBF1-F96D-4A16-A17F-6380ED2357EB}.Release|Any CPU.ActiveCfg = Release|Any CPU
		{B91ACBF1-F96D-4A16-A17F-6380ED2357EB}.Release|Any CPU.Build.0 = Release|Any CPU
	EndGlobalSection
	GlobalSection(SolutionProperties) = preSolution
		HideSolutionNode = FALSE
	EndGlobalSection
	GlobalSection(ExtensibilityGlobals) = postSolution
		SolutionGuid = {668DE0C4-D48F-442A-9C9B-2FD6EEE51971}
	EndGlobalSection
EndGlobal
